
Microsoft Visual Studio Solution File, Format Version 12.00
# Visual Studio Version 16
VisualStudioVersion = 16.0.31424.327
MinimumVisualStudioVersion = 10.0.40219.1
Project("{FAE04EC0-301F-11D3-BF4B-00C04F79EFBC}") = "ClinicaVet", "ClinicaVet\ClinicaVet.csproj", "{40D89CF8-1D88-4CE1-90C8-3EA0239A9AF5}"
EndProject
Global
	GlobalSection(SolutionConfigurationPlatforms) = preSolution
		Debug|Any CPU = Debug|Any CPU
		Release|Any CPU = Release|Any CPU
	EndGlobalSection
	GlobalSection(ProjectConfigurationPlatforms) = postSolution
		{40D89CF8-1D88-4CE1-90C8-3EA0239A9AF5}.Debug|Any CPU.ActiveCfg = Debug|Any CPU
		{40D89CF8-1D88-4CE1-90C8-3EA0239A9AF5}.Debug|Any CPU.Build.0 = Debug|Any CPU
		{40D89CF8-1D88-4CE1-90C8-3EA0239A9AF5}.Release|Any CPU.ActiveCfg = Release|Any CPU
		{40D89CF8-1D88-4CE1-90C8-3EA0239A9AF5}.Release|Any CPU.Build.0 = Release|Any CPU
	EndGlobalSection
	GlobalSection(SolutionProperties) = preSolution
		HideSolutionNode = FALSE
	EndGlobalSection
	GlobalSection(ExtensibilityGlobals) = postSolution
		SolutionGuid = {10CF2C73-0736-4DDD-9B72-243E22F4DAA7}
	EndGlobalSection
EndGlobal
